
Microsoft Visual Studio Solution File, Format Version 12.00
# Visual Studio Version 17
VisualStudioVersion = 17.0.31903.59
MinimumVisualStudioVersion = 10.0.40219.1
Project("{FAE04EC0-301F-11D3-BF4B-00C04F79EFBC}") = "API", "API\API.csproj", "{6CBBFD34-8323-423C-97F1-0BBB7FDD8660}"
EndProject
Project("{FAE04EC0-301F-11D3-BF4B-00C04F79EFBC}") = "Core", "Core\Core.csproj", "{A9645773-A91C-43A7-BC89-0B47AFDCC09A}"
EndProject
Project("{FAE04EC0-301F-11D3-BF4B-00C04F79EFBC}") = "Infrastructure", "Infrastructure\Infrastructure.csproj", "{5F3B43AC-ED25-490D-A858-8D152360F536}"
EndProject
Global
	GlobalSection(SolutionConfigurationPlatforms) = preSolution
		Debug|Any CPU = Debug|Any CPU
		Release|Any CPU = Release|Any CPU
	EndGlobalSection
	GlobalSection(SolutionProperties) = preSolution
		HideSolutionNode = FALSE
	EndGlobalSection
	GlobalSection(ProjectConfigurationPlatforms) = postSolution
		{6CBBFD34-8323-423C-97F1-0BBB7FDD8660}.Debug|Any CPU.ActiveCfg = Debug|Any CPU
		{6CBBFD34-8323-423C-97F1-0BBB7FDD8660}.Debug|Any CPU.Build.0 = Debug|Any CPU
		{6CBBFD34-8323-423C-97F1-0BBB7FDD8660}.Release|Any CPU.ActiveCfg = Release|Any CPU
		{6CBBFD34-8323-423C-97F1-0BBB7FDD8660}.Release|Any CPU.Build.0 = Release|Any CPU
		{A9645773-A91C-43A7-BC89-0B47AFDCC09A}.Debug|Any CPU.ActiveCfg = Debug|Any CPU
		{A9645773-A91C-43A7-BC89-0B47AFDCC09A}.Debug|Any CPU.Build.0 = Debug|Any CPU
		{A9645773-A91C-43A7-BC89-0B47AFDCC09A}.Release|Any CPU.ActiveCfg = Release|Any CPU
		{A9645773-A91C-43A7-BC89-0B47AFDCC09A}.Release|Any CPU.Build.0 = Release|Any CPU
		{5F3B43AC-ED25-490D-A858-8D152360F536}.Debug|Any CPU.ActiveCfg = Debug|Any CPU
		{5F3B43AC-ED25-490D-A858-8D152360F536}.Debug|Any CPU.Build.0 = Debug|Any CPU
		{5F3B43AC-ED25-490D-A858-8D152360F536}.Release|Any CPU.ActiveCfg = Release|Any CPU
		{5F3B43AC-ED25-490D-A858-8D152360F536}.Release|Any CPU.Build.0 = Release|Any CPU
	EndGlobalSection
EndGlobal
